
Microsoft Visual Studio Solution File, Format Version 12.00
# Visual Studio Version 17
VisualStudioVersion = 17.0.32112.339
MinimumVisualStudioVersion = 10.0.40219.1
Project("{FAE04EC0-301F-11D3-BF4B-00C04F79EFBC}") = "TaskManagmentApp", "TaskManagmentApp\TaskManagmentApp.csproj", "{A91C91E8-9029-4FB8-A207-16D64ED281C2}"
EndProject
Project("{FAE04EC0-301F-11D3-BF4B-00C04F79EFBC}") = "TaskManagmentApp.DAL", "TaskManagmentApp.DAL\TaskManagmentApp.DAL.csproj", "{17FB9194-A5A0-44C5-9905-A40CE7034FAC}"
EndProject
Project("{FAE04EC0-301F-11D3-BF4B-00C04F79EFBC}") = "TaskManagmentApp.Service", "TaskManagmentApp.Service\TaskManagmentApp.Service.csproj", "{56DCBDBF-9E79-4DA9-AD66-7F7A5F8ACE47}"
EndProject
Global
	GlobalSection(SolutionConfigurationPlatforms) = preSolution
		Debug|Any CPU = Debug|Any CPU
		Release|Any CPU = Release|Any CPU
	EndGlobalSection
	GlobalSection(ProjectConfigurationPlatforms) = postSolution
		{A91C91E8-9029-4FB8-A207-16D64ED281C2}.Debug|Any CPU.ActiveCfg = Debug|Any CPU
		{A91C91E8-9029-4FB8-A207-16D64ED281C2}.Debug|Any CPU.Build.0 = Debug|Any CPU
		{A91C91E8-9029-4FB8-A207-16D64ED281C2}.Release|Any CPU.ActiveCfg = Release|Any CPU
		{A91C91E8-9029-4FB8-A207-16D64ED281C2}.Release|Any CPU.Build.0 = Release|Any CPU
		{17FB9194-A5A0-44C5-9905-A40CE7034FAC}.Debug|Any CPU.ActiveCfg = Debug|Any CPU
		{17FB9194-A5A0-44C5-9905-A40CE7034FAC}.Debug|Any CPU.Build.0 = Debug|Any CPU
		{17FB9194-A5A0-44C5-9905-A40CE7034FAC}.Release|Any CPU.ActiveCfg = Release|Any CPU
		{17FB9194-A5A0-44C5-9905-A40CE7034FAC}.Release|Any CPU.Build.0 = Release|Any CPU
		{56DCBDBF-9E79-4DA9-AD66-7F7A5F8ACE47}.Debug|Any CPU.ActiveCfg = Debug|Any CPU
		{56DCBDBF-9E79-4DA9-AD66-7F7A5F8ACE47}.Debug|Any CPU.Build.0 = Debug|Any CPU
		{56DCBDBF-9E79-4DA9-AD66-7F7A5F8ACE47}.Release|Any CPU.ActiveCfg = Release|Any CPU
		{56DCBDBF-9E79-4DA9-AD66-7F7A5F8ACE47}.Release|Any CPU.Build.0 = Release|Any CPU
	EndGlobalSection
	GlobalSection(SolutionProperties) = preSolution
		HideSolutionNode = FALSE
	EndGlobalSection
	GlobalSection(ExtensibilityGlobals) = postSolution
		SolutionGuid = {1CF2291C-E4C7-4E68-AC7C-DDFA9F57590F}
	EndGlobalSection
EndGlobal
